// !$*UTF8*$!
{
	archiveVersion = 1;
	classes = {
	};
	objectVersion = 46;
	objects = {

/* Begin PBXBuildFile section */
		5E4615D81E1D7849007B807D /* AppDelegate.swift in Sources */ = {isa = PBXBuildFile; fileRef = 5E4615D71E1D7849007B807D /* AppDelegate.swift */; };
		5E4615DA1E1D7849007B807D /* ViewController.swift in Sources */ = {isa = PBXBuildFile; fileRef = 5E4615D91E1D7849007B807D /* ViewController.swift */; };
		5E4615DD1E1D7849007B807D /* Main.storyboard in Resources */ = {isa = PBXBuildFile; fileRef = 5E4615DB1E1D7849007B807D /* Main.storyboard */; };
		5E4615DF1E1D7849007B807D /* Assets.xcassets in Resources */ = {isa = PBXBuildFile; fileRef = 5E4615DE1E1D7849007B807D /* Assets.xcassets */; };
		5E4615E21E1D7849007B807D /* LaunchScreen.storyboard in Resources */ = {isa = PBXBuildFile; fileRef = 5E4615E01E1D7849007B807D /* LaunchScreen.storyboard */; };
		5E4616061E1D7880007B807D /* ezJson.swift in Sources */ = {isa = PBXBuildFile; fileRef = 5E4616051E1D7880007B807D /* ezJson.swift */; };
/* End PBXBuildFile section */

/* Begin PBXFileReference section */
		5E4615D41E1D7849007B807D /* swift-ezJson.app */ = {isa = PBXFileReference; explicitFileType = wrapper.application; includeInIndex = 0; path = "swift-ezJson.app"; sourceTree = BUILT_PRODUCTS_DIR; };
		5E4615D71E1D7849007B807D /* AppDelegate.swift */ = {isa = PBXFileReference; lastKnownFileType = sourcecode.swift; path = AppDelegate.swift; sourceTree = "<group>"; };
		5E4615D91E1D7849007B807D /* ViewController.swift */ = {isa = PBXFileReference; lastKnownFileType = sourcecode.swift; path = ViewController.swift; sourceTree = "<group>"; };
		5E4615DC1E1D7849007B807D /* Base */ = {isa = PBXFileReference; lastKnownFileType = file.storyboard; name = Base; path = Base.lproj/Main.storyboard; sourceTree = "<group>"; };
		5E4615DE1E1D7849007B807D /* Assets.xcassets */ = {isa = PBXFileReference; lastKnownFileType = folder.assetcatalog; path = Assets.xcassets; sourceTree = "<group>"; };
		5E4615E11E1D7849007B807D /* Base */ = {isa = PBXFileReference; lastKnownFileType = file.storyboard; name = Base; path = Base.lproj/LaunchScreen.storyboard; sourceTree = "<group>"; };
		5E4615E31E1D7849007B807D /* Info.plist */ = {isa = PBXFileReference; lastKnownFileType = text.plist.xml; path = Info.plist; sourceTree = "<group>"; };
		5E4616051E1D7880007B807D /* ezJson.swift */ = {isa = PBXFileReference; fileEncoding = 4; lastKnownFileType = sourcecode.swift; path = ezJson.swift; sourceTree = "<group>"; };
/* End PBXFileReference section */

/* Begin PBXFrameworksBuildPhase section */
		5E4615D11E1D7849007B807D /* Frameworks */ = {
			isa = PBXFrameworksBuildPhase;
			buildActionMask = 2147483647;
			files = (
			);
			runOnlyForDeploymentPostprocessing = 0;
		};
/* End PBXFrameworksBuildPhase section */

/* Begin PBXGroup section */
		5E4615CB1E1D7849007B807D = {
			isa = PBXGroup;
			children = (
				5E4615D61E1D7849007B807D /* swift-ezJson */,
				5E4615D51E1D7849007B807D /* Products */,
			);
			sourceTree = "<group>";
		};
		5E4615D51E1D7849007B807D /* Products */ = {
			isa = PBXGroup;
			children = (
				5E4615D41E1D7849007B807D /* swift-ezJson.app */,
			);
			name = Products;
			sourceTree = "<group>";
		};
		5E4615D61E1D7849007B807D /* swift-ezJson */ = {
			isa = PBXGroup;
			children = (
				5E4615D71E1D7849007B807D /* AppDelegate.swift */,
				5E4615D91E1D7849007B807D /* ViewController.swift */,
				5E4616051E1D7880007B807D /* ezJson.swift */,
				5E4615DB1E1D7849007B807D /* Main.storyboard */,
				5E4615DE1E1D7849007B807D /* Assets.xcassets */,
				5E4615E01E1D7849007B807D /* LaunchScreen.storyboard */,
				5E4615E31E1D7849007B807D /* Info.plist */,
			);
			path = "swift-ezJson";
			sourceTree = "<group>";
		};
/* End PBXGroup section */

/* Begin PBXNativeTarget section */
		5E4615D31E1D7849007B807D /* swift-ezJson */ = {
			isa = PBXNativeTarget;
			buildConfigurationList = 5E4615FC1E1D7849007B807D /* Build configuration list for PBXNativeTarget "swift-ezJson" */;
			buildPhases = (
				5E4615D01E1D7849007B807D /* Sources */,
				5E4615D11E1D7849007B807D /* Frameworks */,
				5E4615D21E1D7849007B807D /* Resources */,
			);
			buildRules = (
			);
			dependencies = (
			);
			name = "swift-ezJson";
			productName = "swift-ezJson";
			productReference = 5E4615D41E1D7849007B807D /* swift-ezJson.app */;
			productType = "com.apple.product-type.application";
		};
/* End PBXNativeTarget section */

/* Begin PBXProject section */
		5E4615CC1E1D7849007B807D /* Project object */ = {
			isa = PBXProject;
			attributes = {
				LastSwiftUpdateCheck = 0820;
				LastUpgradeCheck = 0820;
				ORGANIZATIONNAME = "Ash Bhat";
				TargetAttributes = {
					5E4615D31E1D7849007B807D = {
						CreatedOnToolsVersion = 8.2.1;
						ProvisioningStyle = Automatic;
					};
				};
			};
			buildConfigurationList = 5E4615CF1E1D7849007B807D /* Build configuration list for PBXProject "swift-ezJson" */;
			compatibilityVersion = "Xcode 3.2";
			developmentRegion = English;
			hasScannedForEncodings = 0;
			knownRegions = (
				en,
				Base,
			);
			mainGroup = 5E4615CB1E1D7849007B807D;
			productRefGroup = 5E4615D51E1D7849007B807D /* Products */;
			projectDirPath = "";
			projectRoot = "";
			targets = (
				5E4615D31E1D7849007B807D /* swift-ezJson */,
			);
		};
/* End PBXProject section */

/* Begin PBXResourcesBuildPhase section */
		5E4615D21E1D7849007B807D /* Resources */ = {
			isa = PBXResourcesBuildPhase;
			buildActionMask = 2147483647;
			files = (
				5E4615E21E1D7849007B807D /* LaunchScreen.storyboard in Resources */,
				5E4615DF1E1D7849007B807D /* Assets.xcassets in Resources */,
				5E4615DD1E1D7849007B807D /* Main.storyboard in Resources */,
			);
			runOnlyForDeploymentPostprocessing = 0;
		};
/* End PBXResourcesBuildPhase section */

/* Begin PBXSourcesBuildPhase section */
		5E4615D01E1D7849007B807D /* Sources */ = {
			isa = PBXSourcesBuildPhase;
			buildActionMask = 2147483647;
			files = (
				5E4616061E1D7880007B807D /* ezJson.swift in Sources */,
				5E4615DA1E1D7849007B807D /* ViewController.swift in Sources */,
				5E4615D81E1D7849007B807D /* AppDelegate.swift in Sources */,
			);
			runOnlyForDeploymentPostprocessing = 0;
		};
/* End PBXSourcesBuildPhase section */

/* Begin PBXVariantGroup section */
		5E4615DB1E1D7849007B807D /* Main.storyboard */ = {
			isa = PBXVariantGroup;
			children = (
				5E4615DC1E1D7849007B807D /* Base */,
			);
			name = Main.storyboard;
			sourceTree = "<group>";
		};
		5E4615E01E1D7849007B807D /* LaunchScreen.storyboard */ = {
			isa = PBXVariantGroup;
			children = (
				5E4615E11E1D7849007B807D /* Base */,
			);
			name = LaunchScreen.storyboard;
			sourceTree = "<group>";
		};
/* End PBXVariantGroup section */

/* Begin XCBuildConfiguration section */
		5E4615FA1E1D7849007B807D /* Debug */ = {
			isa = XCBuildConfiguration;
			buildSettings = {
				ALWAYS_SEARCH_USER_PATHS = NO;
				CLANG_ANALYZER_NONNULL = YES;
				CLANG_CXX_LANGUAGE_STANDARD = "gnu++0x";
				CLANG_CXX_LIBRARY = "libc++";
				CLANG_ENABLE_MODULES = YES;
				CLANG_ENABLE_OBJC_ARC = YES;
				CLANG_WARN_BOOL_CONVERSION = YES;
				CLANG_WARN_CONSTANT_CONVERSION = YES;
				CLANG_WARN_DIRECT_OBJC_ISA_USAGE = YES_ERROR;
				CLANG_WARN_DOCUMENTATION_COMMENTS = YES;
				CLANG_WARN_EMPTY_BODY = YES;
				CLANG_WARN_ENUM_CONVERSION = YES;
				CLANG_WARN_INFINITE_RECURSION = YES;
				CLANG_WARN_INT_CONVERSION = YES;
				CLANG_WARN_OBJC_ROOT_CLASS = YES_ERROR;
				CLANG_WARN_SUSPICIOUS_MOVE = YES;
				CLANG_WARN_UNREACHABLE_CODE = YES;
				CLANG_WARN__DUPLICATE_METHOD_MATCH = YES;
				"CODE_SIGN_IDENTITY[sdk=iphoneos*]" = "iPhone Developer";
				COPY_PHASE_STRIP = NO;
				DEBUG_INFORMATION_FORMAT = dwarf;
				ENABLE_STRICT_OBJC_MSGSEND = YES;
				ENABLE_TESTABILITY = YES;
				GCC_C_LANGUAGE_STANDARD = gnu99;
				GCC_DYNAMIC_NO_PIC = NO;
				GCC_NO_COMMON_BLOCKS = YES;
				GCC_OPTIMIZATION_LEVEL = 0;
				GCC_PREPROCESSOR_DEFINITIONS = (
					"DEBUG=1",
					"$(inherited)",
				);
				GCC_WARN_64_TO_32_BIT_CONVERSION = YES;
				GCC_WARN_ABOUT_RETURN_TYPE = YES_ERROR;
				GCC_WARN_UNDECLARED_SELECTOR = YES;
				GCC_WARN_UNINITIALIZED_AUTOS = YES_AGGRESSIVE;
				GCC_WARN_UNUSED_FUNCTION = YES;
				GCC_WARN_UNUSED_VARIABLE = YES;
				IPHONEOS_DEPLOYMENT_TARGET = 10.2;
				MTL_ENABLE_DEBUG_INFO = YES;
				ONLY_ACTIVE_ARCH = YES;
				SDKROOT = iphoneos;
				SWIFT_ACTIVE_COMPILATION_CONDITIONS = DEBUG;
				SWIFT_OPTIMIZATION_LEVEL = "-Onone";
				TARGETED_DEVICE_FAMILY = "1,2";
			};
			name = Debug;
		};
		5E4615FB1E1D7849007B807D /* Release */ = {
			isa = XCBuildConfiguration;
			buildSettings = {
				ALWAYS_SEARCH_USER_PATHS = NO;
				CLANG_ANALYZER_NONNULL = YES;
				CLANG_CXX_LANGUAGE_STANDARD = "gnu++0x";
				CLANG_CXX_LIBRARY = "libc++";
				CLANG_ENABLE_MODULES = YES;
				CLANG_ENABLE_OBJC_ARC = YES;
				CLANG_WARN_BOOL_CONVERSION = YES;
				CLANG_WARN_CONSTANT_CONVERSION = YES;
				CLANG_WARN_DIRECT_OBJC_ISA_USAGE = YES_ERROR;
				CLANG_WARN_DOCUMENTATION_COMMENTS = YES;
				CLANG_WARN_EMPTY_BODY = YES;
				CLANG_WARN_ENUM_CONVERSION = YES;
				CLANG_WARN_INFINITE_RECURSION = YES;
				CLANG_WARN_INT_CONVERSION = YES;
				CLANG_WARN_OBJC_ROOT_CLASS = YES_ERROR;
				CLANG_WARN_SUSPICIOUS_MOVE = YES;
				CLANG_WARN_UNREACHABLE_CODE = YES;
				CLANG_WARN__DUPLICATE_METHOD_MATCH = YES;
				"CODE_SIGN_IDENTITY[sdk=iphoneos*]" = "iPhone Developer";
				COPY_PHASE_STRIP = NO;
				DEBUG_INFORMATION_FORMAT = "dwarf-with-dsym";
				ENABLE_NS_ASSERTIONS = NO;
				ENABLE_STRICT_OBJC_MSGSEND = YES;
				GCC_C_LANGUAGE_STANDARD = gnu99;
				GCC_NO_COMMON_BLOCKS = YES;
				GCC_WARN_64_TO_32_BIT_CONVERSION = YES;
				GCC_WARN_ABOUT_RETURN_TYPE = YES_ERROR;
				GCC_WARN_UNDECLARED_SELECTOR = YES;
				GCC_WARN_UNINITIALIZED_AUTOS = YES_AGGRESSIVE;
				GCC_WARN_UNUSED_FUNCTION = YES;
				GCC_WARN_UNUSED_VARIABLE = YES;
				IPHONEOS_DEPLOYMENT_TARGET = 10.2;
				MTL_ENABLE_DEBUG_INFO = NO;
				SDKROOT = iphoneos;
				SWIFT_OPTIMIZATION_LEVEL = "-Owholemodule";
				TARGETED_DEVICE_FAMILY = "1,2";
				VALIDATE_PRODUCT = YES;
			};
			name = Release;
		};
		5E4615FD1E1D7849007B807D /* Debug */ = {
			isa = XCBuildConfiguration;
			buildSettings = {
				ASSETCATALOG_COMPILER_APPICON_NAME = AppIcon;
				INFOPLIST_FILE = "swift-ezJson/Info.plist";
				LD_RUNPATH_SEARCH_PATHS = "$(inherited) @executable_path/Frameworks";
				PRODUCT_BUNDLE_IDENTIFIER = "com.ab.swift-ezJson";
				PRODUCT_NAME = "$(TARGET_NAME)";
				SWIFT_VERSION = 3.0;
			};
			name = Debug;
		};
		5E4615FE1E1D7849007B807D /* Release */ = {
			isa = XCBuildConfiguration;
			buildSettings = {
				ASSETCATALOG_COMPILER_APPICON_NAME = AppIcon;
				INFOPLIST_FILE = "swift-ezJson/Info.plist";
				LD_RUNPATH_SEARCH_PATHS = "$(inherited) @executable_path/Frameworks";
				PRODUCT_BUNDLE_IDENTIFIER = "com.ab.swift-ezJson";
				PRODUCT_NAME = "$(TARGET_NAME)";
				SWIFT_VERSION = 3.0;
			};
			name = Release;
		};
/* End XCBuildConfiguration section */

/* Begin XCConfigurationList section */
		5E4615CF1E1D7849007B807D /* Build configuration list for PBXProject "swift-ezJson" */ = {
			isa = XCConfigurationList;
			buildConfigurations = (
				5E4615FA1E1D7849007B807D /* Debug */,
				5E4615FB1E1D7849007B807D /* Release */,
			);
			defaultConfigurationIsVisible = 0;
			defaultConfigurationName = Release;
		};
		5E4615FC1E1D7849007B807D /* Build configuration list for PBXNativeTarget "swift-ezJson" */ = {
			isa = XCConfigurationList;
			buildConfigurations = (
				5E4615FD1E1D7849007B807D /* Debug */,
				5E4615FE1E1D7849007B807D /* Release */,
			);
			defaultConfigurationIsVisible = 0;
		};
/* End XCConfigurationList section */
	};
	rootObject = 5E4615CC1E1D7849007B807D /* Project object */;
}
